
Microsoft Visual Studio Solution File, Format Version 12.00
# Visual Studio 15
VisualStudioVersion = 15.0.28307.168
MinimumVisualStudioVersion = 10.0.40219.1
Project("{FAE04EC0-301F-11D3-BF4B-00C04F79EFBC}") = "quiz-backend", "quiz-backend\quiz-backend.csproj", "{D235A175-9A5E-449F-B1FF-F734F2F2DCDA}"
EndProject
Global
	GlobalSection(SolutionConfigurationPlatforms) = preSolution
		Debug|Any CPU = Debug|Any CPU
		Release|Any CPU = Release|Any CPU
	EndGlobalSection
	GlobalSection(ProjectConfigurationPlatforms) = postSolution
		{D235A175-9A5E-449F-B1FF-F734F2F2DCDA}.Debug|Any CPU.ActiveCfg = Debug|Any CPU
		{D235A175-9A5E-449F-B1FF-F734F2F2DCDA}.Debug|Any CPU.Build.0 = Debug|Any CPU
		{D235A175-9A5E-449F-B1FF-F734F2F2DCDA}.Release|Any CPU.ActiveCfg = Release|Any CPU
		{D235A175-9A5E-449F-B1FF-F734F2F2DCDA}.Release|Any CPU.Build.0 = Release|Any CPU
	EndGlobalSection
	GlobalSection(SolutionProperties) = preSolution
		HideSolutionNode = FALSE
	EndGlobalSection
	GlobalSection(ExtensibilityGlobals) = postSolution
		SolutionGuid = {BDFD43FF-B9EF-43E4-8F01-03CC59064F7D}
	EndGlobalSection
EndGlobal
